
Microsoft Visual Studio Solution File, Format Version 12.00
# Visual Studio 2012
Project("{FAE04EC0-301F-11D3-BF4B-00C04F79EFBC}") = "FeedReader", "FeedReader\FeedReader.csproj", "{A4C7A351-F61F-491D-9509-FAAC8473DD86}"
EndProject
Project("{FAE04EC0-301F-11D3-BF4B-00C04F79EFBC}") = "FeedReader.UITests", "FeedReader.UITests\FeedReader.UITests.csproj", "{23395C4D-2E1C-44AE-8122-CEF37AA22D99}"
EndProject
Global
	GlobalSection(SolutionConfigurationPlatforms) = preSolution
		Debug|Any CPU = Debug|Any CPU
		Release|Any CPU = Release|Any CPU
	EndGlobalSection
	GlobalSection(ProjectConfigurationPlatforms) = postSolution
		{23395C4D-2E1C-44AE-8122-CEF37AA22D99}.Debug|Any CPU.ActiveCfg = Debug|Any CPU
		{23395C4D-2E1C-44AE-8122-CEF37AA22D99}.Debug|Any CPU.Build.0 = Debug|Any CPU
		{23395C4D-2E1C-44AE-8122-CEF37AA22D99}.Release|Any CPU.ActiveCfg = Release|Any CPU
		{23395C4D-2E1C-44AE-8122-CEF37AA22D99}.Release|Any CPU.Build.0 = Release|Any CPU
		{A4C7A351-F61F-491D-9509-FAAC8473DD86}.Debug|Any CPU.ActiveCfg = Debug|Any CPU
		{A4C7A351-F61F-491D-9509-FAAC8473DD86}.Debug|Any CPU.Build.0 = Debug|Any CPU
		{A4C7A351-F61F-491D-9509-FAAC8473DD86}.Release|Any CPU.ActiveCfg = Release|Any CPU
		{A4C7A351-F61F-491D-9509-FAAC8473DD86}.Release|Any CPU.Build.0 = Release|Any CPU
	EndGlobalSection
EndGlobal
